# THIS IS AN AUTOGENERATED FILE. DO NOT EDIT THIS FILE DIRECTLY.
# yarn lockfile v1


yaml@^2.0.0-0:
  version "2.0.0-0"
  resolved "https://registry.yarnpkg.com/yaml/-/yaml-2.0.0-0.tgz#432108d836b6715fd33af2e324a8d3980e96f7fe"
  integrity sha512-+n+AwzE2hK2j21p36UB2foND6RYQU4PQkdPCK4YF2OKz8BbiNI+NvKS79CpyDChw3k/0L9jnChkjEzKoiu2C7w==
